
Microsoft Visual Studio Solution File, Format Version 12.00
# Visual Studio 15
VisualStudioVersion = 15.0.28010.2003
MinimumVisualStudioVersion = 10.0.40219.1
Project("{FAE04EC0-301F-11D3-BF4B-00C04F79EFBC}") = "WsSiopel", "WsSiopel\WsSiopel.csproj", "{7CA12D1D-6EAA-4812-A12D-06C266BE3466}"
EndProject
Project("{FAE04EC0-301F-11D3-BF4B-00C04F79EFBC}") = "WsPrecioTasaEquivalente", "WsPrecioTasaEquivalente\WsPrecioTasaEquivalente.csproj", "{1EB900F7-9439-4D34-ACA1-5C86C91CF4EA}"
EndProject
Global
	GlobalSection(SolutionConfigurationPlatforms) = preSolution
		Debug|Any CPU = Debug|Any CPU
		Release|Any CPU = Release|Any CPU
	EndGlobalSection
	GlobalSection(ProjectConfigurationPlatforms) = postSolution
		{7CA12D1D-6EAA-4812-A12D-06C266BE3466}.Debug|Any CPU.ActiveCfg = Debug|Any CPU
		{7CA12D1D-6EAA-4812-A12D-06C266BE3466}.Debug|Any CPU.Build.0 = Debug|Any CPU
		{7CA12D1D-6EAA-4812-A12D-06C266BE3466}.Release|Any CPU.ActiveCfg = Release|Any CPU
		{7CA12D1D-6EAA-4812-A12D-06C266BE3466}.Release|Any CPU.Build.0 = Release|Any CPU
		{1EB900F7-9439-4D34-ACA1-5C86C91CF4EA}.Debug|Any CPU.ActiveCfg = Debug|Any CPU
		{1EB900F7-9439-4D34-ACA1-5C86C91CF4EA}.Debug|Any CPU.Build.0 = Debug|Any CPU
		{1EB900F7-9439-4D34-ACA1-5C86C91CF4EA}.Release|Any CPU.ActiveCfg = Release|Any CPU
		{1EB900F7-9439-4D34-ACA1-5C86C91CF4EA}.Release|Any CPU.Build.0 = Release|Any CPU
	EndGlobalSection
	GlobalSection(SolutionProperties) = preSolution
		HideSolutionNode = FALSE
	EndGlobalSection
	GlobalSection(ExtensibilityGlobals) = postSolution
		SolutionGuid = {DD4AABD5-FF02-4FB1-8184-F4DA832BEF14}
	EndGlobalSection
EndGlobal
